{
  "nodes": {
    "chemacs-repo": {
      "flake": false,
      "locked": {
        "lastModified": 1674216959,
        "narHash": "sha256-/WtacZPr45lurS0hv+W8UGzsXY3RujkU5oGGGqjqG0Q=",
        "owner": "plexus",
        "repo": "chemacs2",
        "rev": "c2d700b784c793cc82131ef86323801b8d6e67bb",
        "type": "github"
      },
      "original": {
        "owner": "plexus",
        "repo": "chemacs2",
        "type": "github"
      }
    },
    "darwin": {
      "inputs": {
        "nixpkgs": [
          "nixpkgs"
        ]
      },
      "locked": {
        "lastModified": 1698429334,
        "narHash": "sha256-Gq3+QabboczSu7RMpcy79RSLMSqnySO3wsnHQk4DfbE=",
        "owner": "lnl7",
        "repo": "nix-darwin",
        "rev": "afe83cbc2e673b1f08d32dd0f70df599678ff1e7",
        "type": "github"
      },
      "original": {
        "owner": "lnl7",
        "ref": "master",
        "repo": "nix-darwin",
        "type": "github"
      }
    },
    "doom-repo": {
      "flake": false,
      "locked": {
        "lastModified": 1696638825,
        "narHash": "sha256-vrdwIu6F11OOSaS5SfgT/jx0Kvu7KaigthVGBENKR5k=",
        "owner": "doomemacs",
        "repo": "doomemacs",
        "rev": "986398504d09e585c7d1a8d73a6394024fe6f164",
        "type": "github"
      },
      "original": {
        "owner": "doomemacs",
        "repo": "doomemacs",
        "type": "github"
      }
    },
    "emacs-overlay": {
      "inputs": {
        "flake-utils": "flake-utils",
        "nixpkgs": "nixpkgs",
        "nixpkgs-stable": "nixpkgs-stable"
      },
      "locked": {
        "lastModified": 1698689977,
        "narHash": "sha256-IFcxvIEyQCSFz/Gu0iBFEASVQ4usEiSiQK1jnyTfmoc=",
        "owner": "nix-community",
        "repo": "emacs-overlay",
        "rev": "238d4cd5adee2a5dd893e27f0cf7e5af856d576e",
        "type": "github"
      },
      "original": {
        "owner": "nix-community",
        "repo": "emacs-overlay",
        "type": "github"
      }
    },
    "flake-utils": {
      "inputs": {
        "systems": "systems"
      },
      "locked": {
        "lastModified": 1694529238,
        "narHash": "sha256-zsNZZGTGnMOf9YpHKJqMSsa0dXbfmxeoJ7xHlrt+xmY=",
        "owner": "numtide",
        "repo": "flake-utils",
        "rev": "ff7b65b44d01cf9ba6a71320833626af21126384",
        "type": "github"
      },
      "original": {
        "owner": "numtide",
        "repo": "flake-utils",
        "type": "github"
      }
    },
    "home-manager": {
      "inputs": {
        "nixpkgs": [
          "nixpkgs"
        ]
      },
      "locked": {
        "lastModified": 1698670511,
        "narHash": "sha256-jQIu3UhBMPHXzVkHQO1O2gg8SVo5lqAVoC6mOaLQcLQ=",
        "owner": "nix-community",
        "repo": "home-manager",
        "rev": "8e5416b478e465985eec274bc3a018024435c106",
        "type": "github"
      },
      "original": {
        "owner": "nix-community",
        "repo": "home-manager",
        "type": "github"
      }
    },
    "nano-repo": {
      "flake": false,
      "locked": {
        "lastModified": 1694425853,
        "narHash": "sha256-LmPj48mNpo4aa5O8iZzlKJfa0L804E7vm+QU7/SEV4M=",
        "owner": "rougier",
        "repo": "nano-emacs",
        "rev": "b8631088220dbbcd885ad1353bdc52b569655f85",
        "type": "github"
      },
      "original": {
        "owner": "rougier",
        "repo": "nano-emacs",
        "type": "github"
      }
    },
    "nixpkgs": {
      "locked": {
        "lastModified": 1698318101,
        "narHash": "sha256-gUihHt3yPD7bVqg+k/UVHgngyaJ3DMEBchbymBMvK1E=",
        "owner": "NixOS",
        "repo": "nixpkgs",
        "rev": "63678e9f3d3afecfeafa0acead6239cdb447574c",
        "type": "github"
      },
      "original": {
        "owner": "NixOS",
        "ref": "nixos-unstable",
        "repo": "nixpkgs",
        "type": "github"
      }
    },
    "nixpkgs-stable": {
      "locked": {
        "lastModified": 1698434055,
        "narHash": "sha256-Phxi5mUKSoL7A0IYUiYtkI9e8NcGaaV5PJEaJApU1Ko=",
        "owner": "NixOS",
        "repo": "nixpkgs",
        "rev": "1a3c95e3b23b3cdb26750621c08cc2f1560cb883",
        "type": "github"
      },
      "original": {
        "owner": "NixOS",
        "ref": "nixos-23.05",
        "repo": "nixpkgs",
        "type": "github"
      }
    },
    "nixpkgs_2": {
      "locked": {
        "lastModified": 1698553279,
        "narHash": "sha256-T/9P8yBSLcqo/v+FTOBK+0rjzjPMctVymZydbvR/Fak=",
        "owner": "NixOS",
        "repo": "nixpkgs",
        "rev": "90e85bc7c1a6fc0760a94ace129d3a1c61c3d035",
        "type": "github"
      },
      "original": {
        "owner": "NixOS",
        "ref": "nixpkgs-unstable",
        "repo": "nixpkgs",
        "type": "github"
      }
    },
    "purcell-repo": {
      "flake": false,
      "locked": {
        "lastModified": 1698593505,
        "narHash": "sha256-DQ/xI7UM2uiVWy9Tli6ohKrFye3Q0Ee2sONsNAlqng8=",
        "owner": "purcell",
        "repo": "emacs.d",
        "rev": "28194a035ca9a259030ba7ef58089561078c4893",
        "type": "github"
      },
      "original": {
        "owner": "purcell",
        "repo": "emacs.d",
        "type": "github"
      }
    },
    "root": {
      "inputs": {
        "chemacs-repo": "chemacs-repo",
        "darwin": "darwin",
        "doom-repo": "doom-repo",
        "emacs-overlay": "emacs-overlay",
        "home-manager": "home-manager",
        "nano-repo": "nano-repo",
        "nixpkgs": "nixpkgs_2",
        "purcell-repo": "purcell-repo"
      }
    },
    "systems": {
      "locked": {
        "lastModified": 1681028828,
        "narHash": "sha256-Vy1rq5AaRuLzOxct8nz4T6wlgyUR7zLU309k9mBC768=",
        "owner": "nix-systems",
        "repo": "default",
        "rev": "da67096a3b9bf56a91d16901293e51ba5b49a27e",
        "type": "github"
      },
      "original": {
        "owner": "nix-systems",
        "repo": "default",
        "type": "github"
      }
    }
  },
  "root": "root",
  "version": 7
}
