{
  "nodes": {
    "chemacs-repo": {
      "flake": false,
      "locked": {
        "lastModified": 1645426666,
        "narHash": "sha256-0bo7HWiI4rOEm/wQm3o3+xykEHoOHkbjqEI0vuwv+kA=",
        "owner": "plexus",
        "repo": "chemacs2",
        "rev": "342b9095803f7fab45fe39e357cfd10f8a9fc237",
        "type": "github"
      },
      "original": {
        "owner": "plexus",
        "repo": "chemacs2",
        "type": "github"
      }
    },
    "darwin": {
      "inputs": {
        "nixpkgs": [
          "nixpkgs"
        ]
      },
      "locked": {
        "lastModified": 1645293039,
        "narHash": "sha256-PwdDu+SkX8dreeuJ/4av1sEluNZdrpdXv8JsRKKg1Yc=",
        "owner": "lnl7",
        "repo": "nix-darwin",
        "rev": "1df878b6f8351795a3bebfbe4fd2d02e1e8b29d6",
        "type": "github"
      },
      "original": {
        "owner": "lnl7",
        "ref": "master",
        "repo": "nix-darwin",
        "type": "github"
      }
    },
    "emacs-overlay": {
      "locked": {
        "lastModified": 1645953123,
        "narHash": "sha256-Be06ikbfQTuRwsU6nxNbMSvSUOzmGzDOLBKXFMekrcA=",
        "owner": "nix-community",
        "repo": "emacs-overlay",
        "rev": "058e38892484c1ab517c890b0aaee5d53565a494",
        "type": "github"
      },
      "original": {
        "owner": "nix-community",
        "repo": "emacs-overlay",
        "type": "github"
      }
    },
    "home-manager": {
      "inputs": {
        "nixpkgs": [
          "nixpkgs"
        ]
      },
      "locked": {
        "lastModified": 1645970334,
        "narHash": "sha256-6nn4YF9bPtkxkB7bM6yJO3m//p3sGilxNQFjm1epLEM=",
        "owner": "nix-community",
        "repo": "home-manager",
        "rev": "ea85f4b1fdf3f25cf97dc49f4a9ec4eafda2ea25",
        "type": "github"
      },
      "original": {
        "owner": "nix-community",
        "repo": "home-manager",
        "type": "github"
      }
    },
    "nixpkgs": {
      "locked": {
        "lastModified": 1645866791,
        "narHash": "sha256-okyN8nAb0gFfF2rjjJnMiIuOM+nZXxZ9Wc2PyoYYKWo=",
        "owner": "NixOS",
        "repo": "nixpkgs",
        "rev": "607178a179d6943cb64970882511c24b2a983c2b",
        "type": "github"
      },
      "original": {
        "owner": "NixOS",
        "ref": "nixpkgs-unstable",
        "repo": "nixpkgs",
        "type": "github"
      }
    },
    "purcell-repo": {
      "flake": false,
      "locked": {
        "lastModified": 1644653723,
        "narHash": "sha256-aJUGJhdnFAdFY7DzkID5/DXC3Zj4e0TWymOTvw0KyWI=",
        "owner": "purcell",
        "repo": "emacs.d",
        "rev": "dc8a9e3a0017f8df7ab5692909f4c75695bab5b2",
        "type": "github"
      },
      "original": {
        "owner": "purcell",
        "repo": "emacs.d",
        "type": "github"
      }
    },
    "root": {
      "inputs": {
        "chemacs-repo": "chemacs-repo",
        "darwin": "darwin",
        "emacs-overlay": "emacs-overlay",
        "home-manager": "home-manager",
        "nixpkgs": "nixpkgs",
        "purcell-repo": "purcell-repo"
      }
    }
  },
  "root": "root",
  "version": 7
}
