{
  "nodes": {
    "chemacs-repo": {
      "flake": false,
      "locked": {
        "lastModified": 1674216959,
        "narHash": "sha256-/WtacZPr45lurS0hv+W8UGzsXY3RujkU5oGGGqjqG0Q=",
        "owner": "plexus",
        "repo": "chemacs2",
        "rev": "c2d700b784c793cc82131ef86323801b8d6e67bb",
        "type": "github"
      },
      "original": {
        "owner": "plexus",
        "repo": "chemacs2",
        "type": "github"
      }
    },
    "darwin": {
      "inputs": {
        "nixpkgs": [
          "nixpkgs"
        ]
      },
      "locked": {
        "lastModified": 1727003835,
        "narHash": "sha256-Cfllbt/ADfO8oxbT984MhPHR6FJBaglsr1SxtDGbpec=",
        "owner": "lnl7",
        "repo": "nix-darwin",
        "rev": "bd7d1e3912d40f799c5c0f7e5820ec950f1e0b3d",
        "type": "github"
      },
      "original": {
        "owner": "lnl7",
        "ref": "master",
        "repo": "nix-darwin",
        "type": "github"
      }
    },
    "doom-repo": {
      "flake": false,
      "locked": {
        "lastModified": 1726608657,
        "narHash": "sha256-iwpBfHuJUd5jJjSGSXqlU9V0XKRNTeh6PvUq8riDnCE=",
        "owner": "doomemacs",
        "repo": "doomemacs",
        "rev": "c8a5e6ec1ca85a35f94d6c820c2fd8888373c2ae",
        "type": "github"
      },
      "original": {
        "owner": "doomemacs",
        "repo": "doomemacs",
        "type": "github"
      }
    },
    "emacs-overlay": {
      "inputs": {
        "flake-utils": "flake-utils",
        "nixpkgs": "nixpkgs",
        "nixpkgs-stable": "nixpkgs-stable"
      },
      "locked": {
        "lastModified": 1727054116,
        "narHash": "sha256-DgFK45+KW954UuQhARdzjZb0K7588vw+wJCiJI6+FVw=",
        "owner": "nix-community",
        "repo": "emacs-overlay",
        "rev": "b8a1f6f94a8947b5601ab7302ad7dc5a3fc45c26",
        "type": "github"
      },
      "original": {
        "owner": "nix-community",
        "repo": "emacs-overlay",
        "type": "github"
      }
    },
    "flake-utils": {
      "inputs": {
        "systems": "systems"
      },
      "locked": {
        "lastModified": 1726560853,
        "narHash": "sha256-X6rJYSESBVr3hBoH0WbKE5KvhPU5bloyZ2L4K60/fPQ=",
        "owner": "numtide",
        "repo": "flake-utils",
        "rev": "c1dfcf08411b08f6b8615f7d8971a2bfa81d5e8a",
        "type": "github"
      },
      "original": {
        "owner": "numtide",
        "repo": "flake-utils",
        "type": "github"
      }
    },
    "home-manager": {
      "inputs": {
        "nixpkgs": [
          "nixpkgs"
        ]
      },
      "locked": {
        "lastModified": 1726985855,
        "narHash": "sha256-NJPGK030Y3qETpWBhj9oobDQRbXdXOPxtu+YgGvZ84o=",
        "owner": "nix-community",
        "repo": "home-manager",
        "rev": "04213d1ce4221f5d9b40bcee30706ce9a91d148d",
        "type": "github"
      },
      "original": {
        "owner": "nix-community",
        "repo": "home-manager",
        "type": "github"
      }
    },
    "nano-repo": {
      "flake": false,
      "locked": {
        "lastModified": 1694425853,
        "narHash": "sha256-LmPj48mNpo4aa5O8iZzlKJfa0L804E7vm+QU7/SEV4M=",
        "owner": "rougier",
        "repo": "nano-emacs",
        "rev": "b8631088220dbbcd885ad1353bdc52b569655f85",
        "type": "github"
      },
      "original": {
        "owner": "rougier",
        "repo": "nano-emacs",
        "type": "github"
      }
    },
    "nixpkgs": {
      "locked": {
        "lastModified": 1726755586,
        "narHash": "sha256-PmUr/2GQGvFTIJ6/Tvsins7Q43KTMvMFhvG6oaYK+Wk=",
        "owner": "NixOS",
        "repo": "nixpkgs",
        "rev": "c04d5652cfa9742b1d519688f65d1bbccea9eb7e",
        "type": "github"
      },
      "original": {
        "owner": "NixOS",
        "ref": "nixos-unstable",
        "repo": "nixpkgs",
        "type": "github"
      }
    },
    "nixpkgs-stable": {
      "locked": {
        "lastModified": 1726838390,
        "narHash": "sha256-NmcVhGElxDbmEWzgXsyAjlRhUus/nEqPC5So7BOJLUM=",
        "owner": "NixOS",
        "repo": "nixpkgs",
        "rev": "944b2aea7f0a2d7c79f72468106bc5510cbf5101",
        "type": "github"
      },
      "original": {
        "owner": "NixOS",
        "ref": "nixos-24.05",
        "repo": "nixpkgs",
        "type": "github"
      }
    },
    "nixpkgs_2": {
      "locked": {
        "lastModified": 1726871744,
        "narHash": "sha256-V5LpfdHyQkUF7RfOaDPrZDP+oqz88lTJrMT1+stXNwo=",
        "owner": "NixOS",
        "repo": "nixpkgs",
        "rev": "a1d92660c6b3b7c26fb883500a80ea9d33321be2",
        "type": "github"
      },
      "original": {
        "owner": "NixOS",
        "ref": "nixpkgs-unstable",
        "repo": "nixpkgs",
        "type": "github"
      }
    },
    "purcell-repo": {
      "flake": false,
      "locked": {
        "lastModified": 1725442999,
        "narHash": "sha256-aBuL41zqcyphvI2d/7HtMTkXJFk/FkPIAIV5hFWrQ2k=",
        "owner": "purcell",
        "repo": "emacs.d",
        "rev": "c6916a8f5df5f1f0d694cc2998a98327eb826031",
        "type": "github"
      },
      "original": {
        "owner": "purcell",
        "repo": "emacs.d",
        "type": "github"
      }
    },
    "root": {
      "inputs": {
        "chemacs-repo": "chemacs-repo",
        "darwin": "darwin",
        "doom-repo": "doom-repo",
        "emacs-overlay": "emacs-overlay",
        "home-manager": "home-manager",
        "nano-repo": "nano-repo",
        "nixpkgs": "nixpkgs_2",
        "purcell-repo": "purcell-repo"
      }
    },
    "systems": {
      "locked": {
        "lastModified": 1681028828,
        "narHash": "sha256-Vy1rq5AaRuLzOxct8nz4T6wlgyUR7zLU309k9mBC768=",
        "owner": "nix-systems",
        "repo": "default",
        "rev": "da67096a3b9bf56a91d16901293e51ba5b49a27e",
        "type": "github"
      },
      "original": {
        "owner": "nix-systems",
        "repo": "default",
        "type": "github"
      }
    }
  },
  "root": "root",
  "version": 7
}
